
Microsoft Visual Studio Solution File, Format Version 12.00
Project("{FAE04EC0-301F-11D3-BF4B-00C04F79EFBC}") = "WebApplication1", "WebApplication1\WebApplication1.csproj", "{402D91DC-B558-4CF9-93D7-22CA7FB92A03}"
EndProject
Project("{FAE04EC0-301F-11D3-BF4B-00C04F79EFBC}") = "MiniOps.Base", "MiniOps.Base\MiniOps.Base.csproj", "{4FF0E260-6F0F-4B9B-BC52-1C9D404E7AE9}"
EndProject
Project("{FAE04EC0-301F-11D3-BF4B-00C04F79EFBC}") = "BlazorApp1", "BlazorApp1\BlazorApp1.csproj", "{C4FEF6E3-3B26-462F-B3FF-CB651C2342FE}"
EndProject
Global
	GlobalSection(SolutionConfigurationPlatforms) = preSolution
		Debug|Any CPU = Debug|Any CPU
		Release|Any CPU = Release|Any CPU
	EndGlobalSection
	GlobalSection(ProjectConfigurationPlatforms) = postSolution
		{402D91DC-B558-4CF9-93D7-22CA7FB92A03}.Debug|Any CPU.ActiveCfg = Debug|Any CPU
		{402D91DC-B558-4CF9-93D7-22CA7FB92A03}.Debug|Any CPU.Build.0 = Debug|Any CPU
		{402D91DC-B558-4CF9-93D7-22CA7FB92A03}.Release|Any CPU.ActiveCfg = Release|Any CPU
		{402D91DC-B558-4CF9-93D7-22CA7FB92A03}.Release|Any CPU.Build.0 = Release|Any CPU
		{4FF0E260-6F0F-4B9B-BC52-1C9D404E7AE9}.Debug|Any CPU.ActiveCfg = Debug|Any CPU
		{4FF0E260-6F0F-4B9B-BC52-1C9D404E7AE9}.Debug|Any CPU.Build.0 = Debug|Any CPU
		{4FF0E260-6F0F-4B9B-BC52-1C9D404E7AE9}.Release|Any CPU.ActiveCfg = Release|Any CPU
		{4FF0E260-6F0F-4B9B-BC52-1C9D404E7AE9}.Release|Any CPU.Build.0 = Release|Any CPU
		{C4FEF6E3-3B26-462F-B3FF-CB651C2342FE}.Debug|Any CPU.ActiveCfg = Debug|Any CPU
		{C4FEF6E3-3B26-462F-B3FF-CB651C2342FE}.Debug|Any CPU.Build.0 = Debug|Any CPU
		{C4FEF6E3-3B26-462F-B3FF-CB651C2342FE}.Release|Any CPU.ActiveCfg = Release|Any CPU
		{C4FEF6E3-3B26-462F-B3FF-CB651C2342FE}.Release|Any CPU.Build.0 = Release|Any CPU
	EndGlobalSection
EndGlobal
